// !$*UTF8*$!
{
	archiveVersion = 1;
	classes = {
	};
	objectVersion = 50;
	objects = {

/* Begin PBXBuildFile section */
		1FEE5797218A8F17009550D8 /* AppDelegate.swift in Sources */ = {isa = PBXBuildFile; fileRef = 1FEE5796218A8F17009550D8 /* AppDelegate.swift */; };
		1FEE5799218A8F17009550D8 /* ViewController.swift in Sources */ = {isa = PBXBuildFile; fileRef = 1FEE5798218A8F17009550D8 /* ViewController.swift */; };
		1FEE579C218A8F17009550D8 /* Main.storyboard in Resources */ = {isa = PBXBuildFile; fileRef = 1FEE579A218A8F17009550D8 /* Main.storyboard */; };
		1FEE579E218A8F19009550D8 /* Assets.xcassets in Resources */ = {isa = PBXBuildFile; fileRef = 1FEE579D218A8F19009550D8 /* Assets.xcassets */; };
		1FEE57A1218A8F19009550D8 /* LaunchScreen.storyboard in Resources */ = {isa = PBXBuildFile; fileRef = 1FEE579F218A8F19009550D8 /* LaunchScreen.storyboard */; };
		1FEE57AA218A90AD009550D8 /* MapKit.framework in Frameworks */ = {isa = PBXBuildFile; fileRef = 1FEE57A9218A90AD009550D8 /* MapKit.framework */; };
		1FEE57AC218A90CE009550D8 /* CoreLocation.framework in Frameworks */ = {isa = PBXBuildFile; fileRef = 1FEE57AB218A90CE009550D8 /* CoreLocation.framework */; };
		1FEE57AF218A9F31009550D8 /* RegionMonitoring.xcdatamodeld in Sources */ = {isa = PBXBuildFile; fileRef = 1FEE57AD218A9F31009550D8 /* RegionMonitoring.xcdatamodeld */; };
		1FEE57B6218A9FA5009550D8 /* Stack.swift in Sources */ = {isa = PBXBuildFile; fileRef = 1FEE57B5218A9FA5009550D8 /* Stack.swift */; };
		1FEE57B8218AA019009550D8 /* CoreData.framework in Frameworks */ = {isa = PBXBuildFile; fileRef = 1FEE57B7218AA019009550D8 /* CoreData.framework */; };
/* End PBXBuildFile section */

/* Begin PBXFileReference section */
		1FEE5793218A8F17009550D8 /* RegionMonitoring.app */ = {isa = PBXFileReference; explicitFileType = wrapper.application; includeInIndex = 0; path = RegionMonitoring.app; sourceTree = BUILT_PRODUCTS_DIR; };
		1FEE5796218A8F17009550D8 /* AppDelegate.swift */ = {isa = PBXFileReference; lastKnownFileType = sourcecode.swift; path = AppDelegate.swift; sourceTree = "<group>"; };
		1FEE5798218A8F17009550D8 /* ViewController.swift */ = {isa = PBXFileReference; lastKnownFileType = sourcecode.swift; path = ViewController.swift; sourceTree = "<group>"; };
		1FEE579B218A8F17009550D8 /* Base */ = {isa = PBXFileReference; lastKnownFileType = file.storyboard; name = Base; path = Base.lproj/Main.storyboard; sourceTree = "<group>"; };
		1FEE579D218A8F19009550D8 /* Assets.xcassets */ = {isa = PBXFileReference; lastKnownFileType = folder.assetcatalog; path = Assets.xcassets; sourceTree = "<group>"; };
		1FEE57A0218A8F19009550D8 /* Base */ = {isa = PBXFileReference; lastKnownFileType = file.storyboard; name = Base; path = Base.lproj/LaunchScreen.storyboard; sourceTree = "<group>"; };
		1FEE57A2218A8F19009550D8 /* Info.plist */ = {isa = PBXFileReference; lastKnownFileType = text.plist.xml; path = Info.plist; sourceTree = "<group>"; };
		1FEE57A9218A90AD009550D8 /* MapKit.framework */ = {isa = PBXFileReference; lastKnownFileType = wrapper.framework; name = MapKit.framework; path = System/Library/Frameworks/MapKit.framework; sourceTree = SDKROOT; };
		1FEE57AB218A90CE009550D8 /* CoreLocation.framework */ = {isa = PBXFileReference; lastKnownFileType = wrapper.framework; name = CoreLocation.framework; path = System/Library/Frameworks/CoreLocation.framework; sourceTree = SDKROOT; };
		1FEE57AE218A9F31009550D8 /* RegionMonitoring.xcdatamodel */ = {isa = PBXFileReference; lastKnownFileType = wrapper.xcdatamodel; path = RegionMonitoring.xcdatamodel; sourceTree = "<group>"; };
		1FEE57B5218A9FA5009550D8 /* Stack.swift */ = {isa = PBXFileReference; lastKnownFileType = sourcecode.swift; path = Stack.swift; sourceTree = "<group>"; };
		1FEE57B7218AA019009550D8 /* CoreData.framework */ = {isa = PBXFileReference; lastKnownFileType = wrapper.framework; name = CoreData.framework; path = System/Library/Frameworks/CoreData.framework; sourceTree = SDKROOT; };
		1FEE57B9218AD717009550D8 /* GoToWorkCME.gpx */ = {isa = PBXFileReference; lastKnownFileType = text.xml; name = GoToWorkCME.gpx; path = ../../../Gitlab/iOS/Earned/earnedcard/earnedcard/Data/GPX/CME/GoToWorkCME.gpx; sourceTree = "<group>"; };
		1FEE57BA218AD717009550D8 /* PassByWorkCME.gpx */ = {isa = PBXFileReference; lastKnownFileType = text.xml; name = PassByWorkCME.gpx; path = ../../../Gitlab/iOS/Earned/earnedcard/earnedcard/Data/GPX/CME/PassByWorkCME.gpx; sourceTree = "<group>"; };
		1FEE57BB218AD717009550D8 /* Badaro.gpx */ = {isa = PBXFileReference; lastKnownFileType = text.xml; name = Badaro.gpx; path = ../../../Gitlab/iOS/Earned/earnedcard/earnedcard/Data/GPX/CME/Badaro.gpx; sourceTree = "<group>"; };
		1FEE57BC218AD717009550D8 /* LeaveWorkCME.gpx */ = {isa = PBXFileReference; lastKnownFileType = text.xml; name = LeaveWorkCME.gpx; path = ../../../Gitlab/iOS/Earned/earnedcard/earnedcard/Data/GPX/CME/LeaveWorkCME.gpx; sourceTree = "<group>"; };
/* End PBXFileReference section */

/* Begin PBXFrameworksBuildPhase section */
		1FEE5790218A8F17009550D8 /* Frameworks */ = {
			isa = PBXFrameworksBuildPhase;
			buildActionMask = 2147483647;
			files = (
				1FEE57B8218AA019009550D8 /* CoreData.framework in Frameworks */,
				1FEE57AC218A90CE009550D8 /* CoreLocation.framework in Frameworks */,
				1FEE57AA218A90AD009550D8 /* MapKit.framework in Frameworks */,
			);
			runOnlyForDeploymentPostprocessing = 0;
		};
/* End PBXFrameworksBuildPhase section */

/* Begin PBXGroup section */
		1FEE578A218A8F17009550D8 = {
			isa = PBXGroup;
			children = (
				1FEE57BB218AD717009550D8 /* Badaro.gpx */,
				1FEE57B9218AD717009550D8 /* GoToWorkCME.gpx */,
				1FEE57BC218AD717009550D8 /* LeaveWorkCME.gpx */,
				1FEE57BA218AD717009550D8 /* PassByWorkCME.gpx */,
				1FEE5795218A8F17009550D8 /* RegionMonitoring */,
				1FEE5794218A8F17009550D8 /* Products */,
				1FEE57A8218A90AD009550D8 /* Frameworks */,
			);
			sourceTree = "<group>";
		};
		1FEE5794218A8F17009550D8 /* Products */ = {
			isa = PBXGroup;
			children = (
				1FEE5793218A8F17009550D8 /* RegionMonitoring.app */,
			);
			name = Products;
			sourceTree = "<group>";
		};
		1FEE5795218A8F17009550D8 /* RegionMonitoring */ = {
			isa = PBXGroup;
			children = (
				1FEE57B4218A9F98009550D8 /* CoreData */,
				1FEE5796218A8F17009550D8 /* AppDelegate.swift */,
				1FEE5798218A8F17009550D8 /* ViewController.swift */,
				1FEE579A218A8F17009550D8 /* Main.storyboard */,
				1FEE579D218A8F19009550D8 /* Assets.xcassets */,
				1FEE579F218A8F19009550D8 /* LaunchScreen.storyboard */,
				1FEE57A2218A8F19009550D8 /* Info.plist */,
			);
			path = RegionMonitoring;
			sourceTree = "<group>";
		};
		1FEE57A8218A90AD009550D8 /* Frameworks */ = {
			isa = PBXGroup;
			children = (
				1FEE57B7218AA019009550D8 /* CoreData.framework */,
				1FEE57AB218A90CE009550D8 /* CoreLocation.framework */,
				1FEE57A9218A90AD009550D8 /* MapKit.framework */,
			);
			name = Frameworks;
			sourceTree = "<group>";
		};
		1FEE57B4218A9F98009550D8 /* CoreData */ = {
			isa = PBXGroup;
			children = (
				1FEE57AD218A9F31009550D8 /* RegionMonitoring.xcdatamodeld */,
				1FEE57B5218A9FA5009550D8 /* Stack.swift */,
			);
			path = CoreData;
			sourceTree = "<group>";
		};
/* End PBXGroup section */

/* Begin PBXNativeTarget section */
		1FEE5792218A8F17009550D8 /* RegionMonitoring */ = {
			isa = PBXNativeTarget;
			buildConfigurationList = 1FEE57A5218A8F19009550D8 /* Build configuration list for PBXNativeTarget "RegionMonitoring" */;
			buildPhases = (
				1FEE578F218A8F17009550D8 /* Sources */,
				1FEE5790218A8F17009550D8 /* Frameworks */,
				1FEE5791218A8F17009550D8 /* Resources */,
			);
			buildRules = (
			);
			dependencies = (
			);
			name = RegionMonitoring;
			productName = RegionMonitoring;
			productReference = 1FEE5793218A8F17009550D8 /* RegionMonitoring.app */;
			productType = "com.apple.product-type.application";
		};
/* End PBXNativeTarget section */

/* Begin PBXProject section */
		1FEE578B218A8F17009550D8 /* Project object */ = {
			isa = PBXProject;
			attributes = {
				LastSwiftUpdateCheck = 1000;
				LastUpgradeCheck = 1000;
				ORGANIZATIONNAME = marxmatta;
				TargetAttributes = {
					1FEE5792218A8F17009550D8 = {
						CreatedOnToolsVersion = 10.0;
					};
				};
			};
			buildConfigurationList = 1FEE578E218A8F17009550D8 /* Build configuration list for PBXProject "RegionMonitoring" */;
			compatibilityVersion = "Xcode 9.3";
			developmentRegion = en;
			hasScannedForEncodings = 0;
			knownRegions = (
				en,
				Base,
			);
			mainGroup = 1FEE578A218A8F17009550D8;
			productRefGroup = 1FEE5794218A8F17009550D8 /* Products */;
			projectDirPath = "";
			projectRoot = "";
			targets = (
				1FEE5792218A8F17009550D8 /* RegionMonitoring */,
			);
		};
/* End PBXProject section */

/* Begin PBXResourcesBuildPhase section */
		1FEE5791218A8F17009550D8 /* Resources */ = {
			isa = PBXResourcesBuildPhase;
			buildActionMask = 2147483647;
			files = (
				1FEE57A1218A8F19009550D8 /* LaunchScreen.storyboard in Resources */,
				1FEE579E218A8F19009550D8 /* Assets.xcassets in Resources */,
				1FEE579C218A8F17009550D8 /* Main.storyboard in Resources */,
			);
			runOnlyForDeploymentPostprocessing = 0;
		};
/* End PBXResourcesBuildPhase section */

/* Begin PBXSourcesBuildPhase section */
		1FEE578F218A8F17009550D8 /* Sources */ = {
			isa = PBXSourcesBuildPhase;
			buildActionMask = 2147483647;
			files = (
				1FEE5799218A8F17009550D8 /* ViewController.swift in Sources */,
				1FEE57AF218A9F31009550D8 /* RegionMonitoring.xcdatamodeld in Sources */,
				1FEE57B6218A9FA5009550D8 /* Stack.swift in Sources */,
				1FEE5797218A8F17009550D8 /* AppDelegate.swift in Sources */,
			);
			runOnlyForDeploymentPostprocessing = 0;
		};
/* End PBXSourcesBuildPhase section */

/* Begin PBXVariantGroup section */
		1FEE579A218A8F17009550D8 /* Main.storyboard */ = {
			isa = PBXVariantGroup;
			children = (
				1FEE579B218A8F17009550D8 /* Base */,
			);
			name = Main.storyboard;
			sourceTree = "<group>";
		};
		1FEE579F218A8F19009550D8 /* LaunchScreen.storyboard */ = {
			isa = PBXVariantGroup;
			children = (
				1FEE57A0218A8F19009550D8 /* Base */,
			);
			name = LaunchScreen.storyboard;
			sourceTree = "<group>";
		};
/* End PBXVariantGroup section */

/* Begin XCBuildConfiguration section */
		1FEE57A3218A8F19009550D8 /* Debug */ = {
			isa = XCBuildConfiguration;
			buildSettings = {
				ALWAYS_SEARCH_USER_PATHS = NO;
				CLANG_ANALYZER_NONNULL = YES;
				CLANG_ANALYZER_NUMBER_OBJECT_CONVERSION = YES_AGGRESSIVE;
				CLANG_CXX_LANGUAGE_STANDARD = "gnu++14";
				CLANG_CXX_LIBRARY = "libc++";
				CLANG_ENABLE_MODULES = YES;
				CLANG_ENABLE_OBJC_ARC = YES;
				CLANG_ENABLE_OBJC_WEAK = YES;
				CLANG_WARN_BLOCK_CAPTURE_AUTORELEASING = YES;
				CLANG_WARN_BOOL_CONVERSION = YES;
				CLANG_WARN_COMMA = YES;
				CLANG_WARN_CONSTANT_CONVERSION = YES;
				CLANG_WARN_DEPRECATED_OBJC_IMPLEMENTATIONS = YES;
				CLANG_WARN_DIRECT_OBJC_ISA_USAGE = YES_ERROR;
				CLANG_WARN_DOCUMENTATION_COMMENTS = YES;
				CLANG_WARN_EMPTY_BODY = YES;
				CLANG_WARN_ENUM_CONVERSION = YES;
				CLANG_WARN_INFINITE_RECURSION = YES;
				CLANG_WARN_INT_CONVERSION = YES;
				CLANG_WARN_NON_LITERAL_NULL_CONVERSION = YES;
				CLANG_WARN_OBJC_IMPLICIT_RETAIN_SELF = YES;
				CLANG_WARN_OBJC_LITERAL_CONVERSION = YES;
				CLANG_WARN_OBJC_ROOT_CLASS = YES_ERROR;
				CLANG_WARN_RANGE_LOOP_ANALYSIS = YES;
				CLANG_WARN_STRICT_PROTOTYPES = YES;
				CLANG_WARN_SUSPICIOUS_MOVE = YES;
				CLANG_WARN_UNGUARDED_AVAILABILITY = YES_AGGRESSIVE;
				CLANG_WARN_UNREACHABLE_CODE = YES;
				CLANG_WARN__DUPLICATE_METHOD_MATCH = YES;
				CODE_SIGN_IDENTITY = "iPhone Developer";
				COPY_PHASE_STRIP = NO;
				DEBUG_INFORMATION_FORMAT = dwarf;
				ENABLE_STRICT_OBJC_MSGSEND = YES;
				ENABLE_TESTABILITY = YES;
				GCC_C_LANGUAGE_STANDARD = gnu11;
				GCC_DYNAMIC_NO_PIC = NO;
				GCC_NO_COMMON_BLOCKS = YES;
				GCC_OPTIMIZATION_LEVEL = 0;
				GCC_PREPROCESSOR_DEFINITIONS = (
					"DEBUG=1",
					"$(inherited)",
				);
				GCC_WARN_64_TO_32_BIT_CONVERSION = YES;
				GCC_WARN_ABOUT_RETURN_TYPE = YES_ERROR;
				GCC_WARN_UNDECLARED_SELECTOR = YES;
				GCC_WARN_UNINITIALIZED_AUTOS = YES_AGGRESSIVE;
				GCC_WARN_UNUSED_FUNCTION = YES;
				GCC_WARN_UNUSED_VARIABLE = YES;
				IPHONEOS_DEPLOYMENT_TARGET = 12.0;
				MTL_ENABLE_DEBUG_INFO = INCLUDE_SOURCE;
				MTL_FAST_MATH = YES;
				ONLY_ACTIVE_ARCH = YES;
				SDKROOT = iphoneos;
				SWIFT_ACTIVE_COMPILATION_CONDITIONS = DEBUG;
				SWIFT_OPTIMIZATION_LEVEL = "-Onone";
			};
			name = Debug;
		};
		1FEE57A4218A8F19009550D8 /* Release */ = {
			isa = XCBuildConfiguration;
			buildSettings = {
				ALWAYS_SEARCH_USER_PATHS = NO;
				CLANG_ANALYZER_NONNULL = YES;
				CLANG_ANALYZER_NUMBER_OBJECT_CONVERSION = YES_AGGRESSIVE;
				CLANG_CXX_LANGUAGE_STANDARD = "gnu++14";
				CLANG_CXX_LIBRARY = "libc++";
				CLANG_ENABLE_MODULES = YES;
				CLANG_ENABLE_OBJC_ARC = YES;
				CLANG_ENABLE_OBJC_WEAK = YES;
				CLANG_WARN_BLOCK_CAPTURE_AUTORELEASING = YES;
				CLANG_WARN_BOOL_CONVERSION = YES;
				CLANG_WARN_COMMA = YES;
				CLANG_WARN_CONSTANT_CONVERSION = YES;
				CLANG_WARN_DEPRECATED_OBJC_IMPLEMENTATIONS = YES;
				CLANG_WARN_DIRECT_OBJC_ISA_USAGE = YES_ERROR;
				CLANG_WARN_DOCUMENTATION_COMMENTS = YES;
				CLANG_WARN_EMPTY_BODY = YES;
				CLANG_WARN_ENUM_CONVERSION = YES;
				CLANG_WARN_INFINITE_RECURSION = YES;
				CLANG_WARN_INT_CONVERSION = YES;
				CLANG_WARN_NON_LITERAL_NULL_CONVERSION = YES;
				CLANG_WARN_OBJC_IMPLICIT_RETAIN_SELF = YES;
				CLANG_WARN_OBJC_LITERAL_CONVERSION = YES;
				CLANG_WARN_OBJC_ROOT_CLASS = YES_ERROR;
				CLANG_WARN_RANGE_LOOP_ANALYSIS = YES;
				CLANG_WARN_STRICT_PROTOTYPES = YES;
				CLANG_WARN_SUSPICIOUS_MOVE = YES;
				CLANG_WARN_UNGUARDED_AVAILABILITY = YES_AGGRESSIVE;
				CLANG_WARN_UNREACHABLE_CODE = YES;
				CLANG_WARN__DUPLICATE_METHOD_MATCH = YES;
				CODE_SIGN_IDENTITY = "iPhone Developer";
				COPY_PHASE_STRIP = NO;
				DEBUG_INFORMATION_FORMAT = "dwarf-with-dsym";
				ENABLE_NS_ASSERTIONS = NO;
				ENABLE_STRICT_OBJC_MSGSEND = YES;
				GCC_C_LANGUAGE_STANDARD = gnu11;
				GCC_NO_COMMON_BLOCKS = YES;
				GCC_WARN_64_TO_32_BIT_CONVERSION = YES;
				GCC_WARN_ABOUT_RETURN_TYPE = YES_ERROR;
				GCC_WARN_UNDECLARED_SELECTOR = YES;
				GCC_WARN_UNINITIALIZED_AUTOS = YES_AGGRESSIVE;
				GCC_WARN_UNUSED_FUNCTION = YES;
				GCC_WARN_UNUSED_VARIABLE = YES;
				IPHONEOS_DEPLOYMENT_TARGET = 12.0;
				MTL_ENABLE_DEBUG_INFO = NO;
				MTL_FAST_MATH = YES;
				SDKROOT = iphoneos;
				SWIFT_COMPILATION_MODE = wholemodule;
				SWIFT_OPTIMIZATION_LEVEL = "-O";
				VALIDATE_PRODUCT = YES;
			};
			name = Release;
		};
		1FEE57A6218A8F19009550D8 /* Debug */ = {
			isa = XCBuildConfiguration;
			buildSettings = {
				ASSETCATALOG_COMPILER_APPICON_NAME = AppIcon;
				CODE_SIGN_STYLE = Automatic;
				DEVELOPMENT_TEAM = 6C2FMJT4E8;
				INFOPLIST_FILE = RegionMonitoring/Info.plist;
				LD_RUNPATH_SEARCH_PATHS = (
					"$(inherited)",
					"@executable_path/Frameworks",
				);
				PRODUCT_BUNDLE_IDENTIFIER = com.marxmatta.RegionMonitoring;
				PRODUCT_NAME = "$(TARGET_NAME)";
				SWIFT_VERSION = 4.2;
				TARGETED_DEVICE_FAMILY = "1,2";
			};
			name = Debug;
		};
		1FEE57A7218A8F19009550D8 /* Release */ = {
			isa = XCBuildConfiguration;
			buildSettings = {
				ASSETCATALOG_COMPILER_APPICON_NAME = AppIcon;
				CODE_SIGN_STYLE = Automatic;
				DEVELOPMENT_TEAM = 6C2FMJT4E8;
				INFOPLIST_FILE = RegionMonitoring/Info.plist;
				LD_RUNPATH_SEARCH_PATHS = (
					"$(inherited)",
					"@executable_path/Frameworks",
				);
				PRODUCT_BUNDLE_IDENTIFIER = com.marxmatta.RegionMonitoring;
				PRODUCT_NAME = "$(TARGET_NAME)";
				SWIFT_VERSION = 4.2;
				TARGETED_DEVICE_FAMILY = "1,2";
			};
			name = Release;
		};
/* End XCBuildConfiguration section */

/* Begin XCConfigurationList section */
		1FEE578E218A8F17009550D8 /* Build configuration list for PBXProject "RegionMonitoring" */ = {
			isa = XCConfigurationList;
			buildConfigurations = (
				1FEE57A3218A8F19009550D8 /* Debug */,
				1FEE57A4218A8F19009550D8 /* Release */,
			);
			defaultConfigurationIsVisible = 0;
			defaultConfigurationName = Release;
		};
		1FEE57A5218A8F19009550D8 /* Build configuration list for PBXNativeTarget "RegionMonitoring" */ = {
			isa = XCConfigurationList;
			buildConfigurations = (
				1FEE57A6218A8F19009550D8 /* Debug */,
				1FEE57A7218A8F19009550D8 /* Release */,
			);
			defaultConfigurationIsVisible = 0;
			defaultConfigurationName = Release;
		};
/* End XCConfigurationList section */

/* Begin XCVersionGroup section */
		1FEE57AD218A9F31009550D8 /* RegionMonitoring.xcdatamodeld */ = {
			isa = XCVersionGroup;
			children = (
				1FEE57AE218A9F31009550D8 /* RegionMonitoring.xcdatamodel */,
			);
			currentVersion = 1FEE57AE218A9F31009550D8 /* RegionMonitoring.xcdatamodel */;
			path = RegionMonitoring.xcdatamodeld;
			sourceTree = "<group>";
			versionGroupType = wrapper.xcdatamodel;
		};
/* End XCVersionGroup section */
	};
	rootObject = 1FEE578B218A8F17009550D8 /* Project object */;
}
